// !$*UTF8*$!
{
	archiveVersion = 1;
	classes = {
	};
	objectVersion = 50;
	objects = {

/* Begin PBXBuildFile section */
		A4B835EF21070AD900206275 /* AppDelegate.swift in Sources */ = {isa = PBXBuildFile; fileRef = A4B835EE21070AD900206275 /* AppDelegate.swift */; };
		A4B835F121070AD900206275 /* ViewController.swift in Sources */ = {isa = PBXBuildFile; fileRef = A4B835F021070AD900206275 /* ViewController.swift */; };
		A4B835F421070AD900206275 /* Main.storyboard in Resources */ = {isa = PBXBuildFile; fileRef = A4B835F221070AD900206275 /* Main.storyboard */; };
		A4B835F721070AD900206275 /* App.xcdatamodeld in Sources */ = {isa = PBXBuildFile; fileRef = A4B835F521070AD900206275 /* App.xcdatamodeld */; };
		A4B835F921070AE400206275 /* Assets.xcassets in Resources */ = {isa = PBXBuildFile; fileRef = A4B835F821070AE400206275 /* Assets.xcassets */; };
		A4B835FC21070AE400206275 /* LaunchScreen.storyboard in Resources */ = {isa = PBXBuildFile; fileRef = A4B835FA21070AE400206275 /* LaunchScreen.storyboard */; };
		A4B8360721070AE400206275 /* AppTests.swift in Sources */ = {isa = PBXBuildFile; fileRef = A4B8360621070AE400206275 /* AppTests.swift */; };
		A4B8361221070AE400206275 /* AppUITests.swift in Sources */ = {isa = PBXBuildFile; fileRef = A4B8361121070AE400206275 /* AppUITests.swift */; };
/* End PBXBuildFile section */

/* Begin PBXContainerItemProxy section */
		A4B8360321070AE400206275 /* PBXContainerItemProxy */ = {
			isa = PBXContainerItemProxy;
			containerPortal = A4B835E321070AD900206275 /* Project object */;
			proxyType = 1;
			remoteGlobalIDString = A4B835EA21070AD900206275;
			remoteInfo = App;
		};
		A4B8360E21070AE400206275 /* PBXContainerItemProxy */ = {
			isa = PBXContainerItemProxy;
			containerPortal = A4B835E321070AD900206275 /* Project object */;
			proxyType = 1;
			remoteGlobalIDString = A4B835EA21070AD900206275;
			remoteInfo = App;
		};
/* End PBXContainerItemProxy section */

/* Begin PBXFileReference section */
		A4B835EB21070AD900206275 /* App.app */ = {isa = PBXFileReference; explicitFileType = wrapper.application; includeInIndex = 0; path = App.app; sourceTree = BUILT_PRODUCTS_DIR; };
		A4B835EE21070AD900206275 /* AppDelegate.swift */ = {isa = PBXFileReference; lastKnownFileType = sourcecode.swift; path = AppDelegate.swift; sourceTree = "<group>"; };
		A4B835F021070AD900206275 /* ViewController.swift */ = {isa = PBXFileReference; lastKnownFileType = sourcecode.swift; path = ViewController.swift; sourceTree = "<group>"; };
		A4B835F321070AD900206275 /* Base */ = {isa = PBXFileReference; lastKnownFileType = file.storyboard; name = Base; path = Base.lproj/Main.storyboard; sourceTree = "<group>"; };
		A4B835F621070AD900206275 /* App.xcdatamodel */ = {isa = PBXFileReference; lastKnownFileType = wrapper.xcdatamodel; path = App.xcdatamodel; sourceTree = "<group>"; };
		A4B835F821070AE400206275 /* Assets.xcassets */ = {isa = PBXFileReference; lastKnownFileType = folder.assetcatalog; path = Assets.xcassets; sourceTree = "<group>"; };
		A4B835FB21070AE400206275 /* Base */ = {isa = PBXFileReference; lastKnownFileType = file.storyboard; name = Base; path = Base.lproj/LaunchScreen.storyboard; sourceTree = "<group>"; };
		A4B835FD21070AE400206275 /* Info.plist */ = {isa = PBXFileReference; lastKnownFileType = text.plist.xml; path = Info.plist; sourceTree = "<group>"; };
		A4B8360221070AE400206275 /* AppTests.xctest */ = {isa = PBXFileReference; explicitFileType = wrapper.cfbundle; includeInIndex = 0; path = AppTests.xctest; sourceTree = BUILT_PRODUCTS_DIR; };
		A4B8360621070AE400206275 /* AppTests.swift */ = {isa = PBXFileReference; lastKnownFileType = sourcecode.swift; path = AppTests.swift; sourceTree = "<group>"; };
		A4B8360821070AE400206275 /* Info.plist */ = {isa = PBXFileReference; lastKnownFileType = text.plist.xml; path = Info.plist; sourceTree = "<group>"; };
		A4B8360D21070AE400206275 /* AppUITests.xctest */ = {isa = PBXFileReference; explicitFileType = wrapper.cfbundle; includeInIndex = 0; path = AppUITests.xctest; sourceTree = BUILT_PRODUCTS_DIR; };
		A4B8361121070AE400206275 /* AppUITests.swift */ = {isa = PBXFileReference; lastKnownFileType = sourcecode.swift; path = AppUITests.swift; sourceTree = "<group>"; };
		A4B8361321070AE400206275 /* Info.plist */ = {isa = PBXFileReference; lastKnownFileType = text.plist.xml; path = Info.plist; sourceTree = "<group>"; };
/* End PBXFileReference section */

/* Begin PBXFrameworksBuildPhase section */
		A4B835E821070AD900206275 /* Frameworks */ = {
			isa = PBXFrameworksBuildPhase;
			buildActionMask = 2147483647;
			files = (
			);
			runOnlyForDeploymentPostprocessing = 0;
		};
		A4B835FF21070AE400206275 /* Frameworks */ = {
			isa = PBXFrameworksBuildPhase;
			buildActionMask = 2147483647;
			files = (
			);
			runOnlyForDeploymentPostprocessing = 0;
		};
		A4B8360A21070AE400206275 /* Frameworks */ = {
			isa = PBXFrameworksBuildPhase;
			buildActionMask = 2147483647;
			files = (
			);
			runOnlyForDeploymentPostprocessing = 0;
		};
/* End PBXFrameworksBuildPhase section */

/* Begin PBXGroup section */
		A4B835E221070AD900206275 = {
			isa = PBXGroup;
			children = (
				A4B835ED21070AD900206275 /* App */,
				A4B8360521070AE400206275 /* AppTests */,
				A4B8361021070AE400206275 /* AppUITests */,
				A4B835EC21070AD900206275 /* Products */,
			);
			sourceTree = "<group>";
		};
		A4B835EC21070AD900206275 /* Products */ = {
			isa = PBXGroup;
			children = (
				A4B835EB21070AD900206275 /* App.app */,
				A4B8360221070AE400206275 /* AppTests.xctest */,
				A4B8360D21070AE400206275 /* AppUITests.xctest */,
			);
			name = Products;
			sourceTree = "<group>";
		};
		A4B835ED21070AD900206275 /* App */ = {
			isa = PBXGroup;
			children = (
				A4B835EE21070AD900206275 /* AppDelegate.swift */,
				A4B835F021070AD900206275 /* ViewController.swift */,
				A4B835F221070AD900206275 /* Main.storyboard */,
				A4B835F821070AE400206275 /* Assets.xcassets */,
				A4B835FA21070AE400206275 /* LaunchScreen.storyboard */,
				A4B835FD21070AE400206275 /* Info.plist */,
				A4B835F521070AD900206275 /* App.xcdatamodeld */,
			);
			path = App;
			sourceTree = "<group>";
		};
		A4B8360521070AE400206275 /* AppTests */ = {
			isa = PBXGroup;
			children = (
				A4B8360621070AE400206275 /* AppTests.swift */,
				A4B8360821070AE400206275 /* Info.plist */,
			);
			path = AppTests;
			sourceTree = "<group>";
		};
		A4B8361021070AE400206275 /* AppUITests */ = {
			isa = PBXGroup;
			children = (
				A4B8361121070AE400206275 /* AppUITests.swift */,
				A4B8361321070AE400206275 /* Info.plist */,
			);
			path = AppUITests;
			sourceTree = "<group>";
		};
/* End PBXGroup section */

/* Begin PBXNativeTarget section */
		A4B835EA21070AD900206275 /* App */ = {
			isa = PBXNativeTarget;
			buildConfigurationList = A4B8361621070AE400206275 /* Build configuration list for PBXNativeTarget "App" */;
			buildPhases = (
				A4B835E721070AD900206275 /* Sources */,
				A4B835E821070AD900206275 /* Frameworks */,
				A4B835E921070AD900206275 /* Resources */,
			);
			buildRules = (
			);
			dependencies = (
			);
			name = App;
			productName = App;
			productReference = A4B835EB21070AD900206275 /* App.app */;
			productType = "com.apple.product-type.application";
		};
		A4B8360121070AE400206275 /* AppTests */ = {
			isa = PBXNativeTarget;
			buildConfigurationList = A4B8361921070AE400206275 /* Build configuration list for PBXNativeTarget "AppTests" */;
			buildPhases = (
				A4B835FE21070AE400206275 /* Sources */,
				A4B835FF21070AE400206275 /* Frameworks */,
				A4B8360021070AE400206275 /* Resources */,
			);
			buildRules = (
			);
			dependencies = (
				A4B8360421070AE400206275 /* PBXTargetDependency */,
			);
			name = AppTests;
			productName = AppTests;
			productReference = A4B8360221070AE400206275 /* AppTests.xctest */;
			productType = "com.apple.product-type.bundle.unit-test";
		};
		A4B8360C21070AE400206275 /* AppUITests */ = {
			isa = PBXNativeTarget;
			buildConfigurationList = A4B8361C21070AE400206275 /* Build configuration list for PBXNativeTarget "AppUITests" */;
			buildPhases = (
				A4B8360921070AE400206275 /* Sources */,
				A4B8360A21070AE400206275 /* Frameworks */,
				A4B8360B21070AE400206275 /* Resources */,
			);
			buildRules = (
			);
			dependencies = (
				A4B8360F21070AE400206275 /* PBXTargetDependency */,
			);
			name = AppUITests;
			productName = AppUITests;
			productReference = A4B8360D21070AE400206275 /* AppUITests.xctest */;
			productType = "com.apple.product-type.bundle.ui-testing";
		};
/* End PBXNativeTarget section */

/* Begin PBXProject section */
		A4B835E321070AD900206275 /* Project object */ = {
			isa = PBXProject;
			attributes = {
				LastSwiftUpdateCheck = 0930;
				LastUpgradeCheck = 0930;
				ORGANIZATIONNAME = iOS;
				TargetAttributes = {
					A4B835EA21070AD900206275 = {
						CreatedOnToolsVersion = 9.3.1;
					};
					A4B8360121070AE400206275 = {
						CreatedOnToolsVersion = 9.3.1;
						TestTargetID = A4B835EA21070AD900206275;
					};
					A4B8360C21070AE400206275 = {
						CreatedOnToolsVersion = 9.3.1;
						TestTargetID = A4B835EA21070AD900206275;
					};
				};
			};
			buildConfigurationList = A4B835E621070AD900206275 /* Build configuration list for PBXProject "App" */;
			compatibilityVersion = "Xcode 9.3";
			developmentRegion = en;
			hasScannedForEncodings = 0;
			knownRegions = (
				en,
				Base,
			);
			mainGroup = A4B835E221070AD900206275;
			productRefGroup = A4B835EC21070AD900206275 /* Products */;
			projectDirPath = "";
			projectRoot = "";
			targets = (
				A4B835EA21070AD900206275 /* App */,
				A4B8360121070AE400206275 /* AppTests */,
				A4B8360C21070AE400206275 /* AppUITests */,
			);
		};
/* End PBXProject section */

/* Begin PBXResourcesBuildPhase section */
		A4B835E921070AD900206275 /* Resources */ = {
			isa = PBXResourcesBuildPhase;
			buildActionMask = 2147483647;
			files = (
				A4B835FC21070AE400206275 /* LaunchScreen.storyboard in Resources */,
				A4B835F921070AE400206275 /* Assets.xcassets in Resources */,
				A4B835F421070AD900206275 /* Main.storyboard in Resources */,
			);
			runOnlyForDeploymentPostprocessing = 0;
		};
		A4B8360021070AE400206275 /* Resources */ = {
			isa = PBXResourcesBuildPhase;
			buildActionMask = 2147483647;
			files = (
			);
			runOnlyForDeploymentPostprocessing = 0;
		};
		A4B8360B21070AE400206275 /* Resources */ = {
			isa = PBXResourcesBuildPhase;
			buildActionMask = 2147483647;
			files = (
			);
			runOnlyForDeploymentPostprocessing = 0;
		};
/* End PBXResourcesBuildPhase section */

/* Begin PBXSourcesBuildPhase section */
		A4B835E721070AD900206275 /* Sources */ = {
			isa = PBXSourcesBuildPhase;
			buildActionMask = 2147483647;
			files = (
				A4B835F121070AD900206275 /* ViewController.swift in Sources */,
				A4B835F721070AD900206275 /* App.xcdatamodeld in Sources */,
				A4B835EF21070AD900206275 /* AppDelegate.swift in Sources */,
			);
			runOnlyForDeploymentPostprocessing = 0;
		};
		A4B835FE21070AE400206275 /* Sources */ = {
			isa = PBXSourcesBuildPhase;
			buildActionMask = 2147483647;
			files = (
				A4B8360721070AE400206275 /* AppTests.swift in Sources */,
			);
			runOnlyForDeploymentPostprocessing = 0;
		};
		A4B8360921070AE400206275 /* Sources */ = {
			isa = PBXSourcesBuildPhase;
			buildActionMask = 2147483647;
			files = (
				A4B8361221070AE400206275 /* AppUITests.swift in Sources */,
			);
			runOnlyForDeploymentPostprocessing = 0;
		};
/* End PBXSourcesBuildPhase section */

/* Begin PBXTargetDependency section */
		A4B8360421070AE400206275 /* PBXTargetDependency */ = {
			isa = PBXTargetDependency;
			target = A4B835EA21070AD900206275 /* App */;
			targetProxy = A4B8360321070AE400206275 /* PBXContainerItemProxy */;
		};
		A4B8360F21070AE400206275 /* PBXTargetDependency */ = {
			isa = PBXTargetDependency;
			target = A4B835EA21070AD900206275 /* App */;
			targetProxy = A4B8360E21070AE400206275 /* PBXContainerItemProxy */;
		};
/* End PBXTargetDependency section */

/* Begin PBXVariantGroup section */
		A4B835F221070AD900206275 /* Main.storyboard */ = {
			isa = PBXVariantGroup;
			children = (
				A4B835F321070AD900206275 /* Base */,
			);
			name = Main.storyboard;
			sourceTree = "<group>";
		};
		A4B835FA21070AE400206275 /* LaunchScreen.storyboard */ = {
			isa = PBXVariantGroup;
			children = (
				A4B835FB21070AE400206275 /* Base */,
			);
			name = LaunchScreen.storyboard;
			sourceTree = "<group>";
		};
/* End PBXVariantGroup section */

/* Begin XCBuildConfiguration section */
		A4B8361421070AE400206275 /* Debug */ = {
			isa = XCBuildConfiguration;
			buildSettings = {
				ALWAYS_SEARCH_USER_PATHS = NO;
				CLANG_ANALYZER_NONNULL = YES;
				CLANG_ANALYZER_NUMBER_OBJECT_CONVERSION = YES_AGGRESSIVE;
				CLANG_CXX_LANGUAGE_STANDARD = "gnu++14";
				CLANG_CXX_LIBRARY = "libc++";
				CLANG_ENABLE_MODULES = YES;
				CLANG_ENABLE_OBJC_ARC = YES;
				CLANG_ENABLE_OBJC_WEAK = YES;
				CLANG_WARN_BLOCK_CAPTURE_AUTORELEASING = YES;
				CLANG_WARN_BOOL_CONVERSION = YES;
				CLANG_WARN_COMMA = YES;
				CLANG_WARN_CONSTANT_CONVERSION = YES;
				CLANG_WARN_DEPRECATED_OBJC_IMPLEMENTATIONS = YES;
				CLANG_WARN_DIRECT_OBJC_ISA_USAGE = YES_ERROR;
				CLANG_WARN_DOCUMENTATION_COMMENTS = YES;
				CLANG_WARN_EMPTY_BODY = YES;
				CLANG_WARN_ENUM_CONVERSION = YES;
				CLANG_WARN_INFINITE_RECURSION = YES;
				CLANG_WARN_INT_CONVERSION = YES;
				CLANG_WARN_NON_LITERAL_NULL_CONVERSION = YES;
				CLANG_WARN_OBJC_IMPLICIT_RETAIN_SELF = YES;
				CLANG_WARN_OBJC_LITERAL_CONVERSION = YES;
				CLANG_WARN_OBJC_ROOT_CLASS = YES_ERROR;
				CLANG_WARN_RANGE_LOOP_ANALYSIS = YES;
				CLANG_WARN_STRICT_PROTOTYPES = YES;
				CLANG_WARN_SUSPICIOUS_MOVE = YES;
				CLANG_WARN_UNGUARDED_AVAILABILITY = YES_AGGRESSIVE;
				CLANG_WARN_UNREACHABLE_CODE = YES;
				CLANG_WARN__DUPLICATE_METHOD_MATCH = YES;
				CODE_SIGN_IDENTITY = "iPhone Developer";
				COPY_PHASE_STRIP = NO;
				DEBUG_INFORMATION_FORMAT = dwarf;
				ENABLE_STRICT_OBJC_MSGSEND = YES;
				ENABLE_TESTABILITY = YES;
				GCC_C_LANGUAGE_STANDARD = gnu11;
				GCC_DYNAMIC_NO_PIC = NO;
				GCC_NO_COMMON_BLOCKS = YES;
				GCC_OPTIMIZATION_LEVEL = 0;
				GCC_PREPROCESSOR_DEFINITIONS = (
					"DEBUG=1",
					"$(inherited)",
				);
				GCC_WARN_64_TO_32_BIT_CONVERSION = YES;
				GCC_WARN_ABOUT_RETURN_TYPE = YES_ERROR;
				GCC_WARN_UNDECLARED_SELECTOR = YES;
				GCC_WARN_UNINITIALIZED_AUTOS = YES_AGGRESSIVE;
				GCC_WARN_UNUSED_FUNCTION = YES;
				GCC_WARN_UNUSED_VARIABLE = YES;
				IPHONEOS_DEPLOYMENT_TARGET = 11.3;
				MTL_ENABLE_DEBUG_INFO = YES;
				ONLY_ACTIVE_ARCH = YES;
				SDKROOT = iphoneos;
				SWIFT_ACTIVE_COMPILATION_CONDITIONS = DEBUG;
				SWIFT_OPTIMIZATION_LEVEL = "-Onone";
			};
			name = Debug;
		};
		A4B8361521070AE400206275 /* Release */ = {
			isa = XCBuildConfiguration;
			buildSettings = {
				ALWAYS_SEARCH_USER_PATHS = NO;
				CLANG_ANALYZER_NONNULL = YES;
				CLANG_ANALYZER_NUMBER_OBJECT_CONVERSION = YES_AGGRESSIVE;
				CLANG_CXX_LANGUAGE_STANDARD = "gnu++14";
				CLANG_CXX_LIBRARY = "libc++";
				CLANG_ENABLE_MODULES = YES;
				CLANG_ENABLE_OBJC_ARC = YES;
				CLANG_ENABLE_OBJC_WEAK = YES;
				CLANG_WARN_BLOCK_CAPTURE_AUTORELEASING = YES;
				CLANG_WARN_BOOL_CONVERSION = YES;
				CLANG_WARN_COMMA = YES;
				CLANG_WARN_CONSTANT_CONVERSION = YES;
				CLANG_WARN_DEPRECATED_OBJC_IMPLEMENTATIONS = YES;
				CLANG_WARN_DIRECT_OBJC_ISA_USAGE = YES_ERROR;
				CLANG_WARN_DOCUMENTATION_COMMENTS = YES;
				CLANG_WARN_EMPTY_BODY = YES;
				CLANG_WARN_ENUM_CONVERSION = YES;
				CLANG_WARN_INFINITE_RECURSION = YES;
				CLANG_WARN_INT_CONVERSION = YES;
				CLANG_WARN_NON_LITERAL_NULL_CONVERSION = YES;
				CLANG_WARN_OBJC_IMPLICIT_RETAIN_SELF = YES;
				CLANG_WARN_OBJC_LITERAL_CONVERSION = YES;
				CLANG_WARN_OBJC_ROOT_CLASS = YES_ERROR;
				CLANG_WARN_RANGE_LOOP_ANALYSIS = YES;
				CLANG_WARN_STRICT_PROTOTYPES = YES;
				CLANG_WARN_SUSPICIOUS_MOVE = YES;
				CLANG_WARN_UNGUARDED_AVAILABILITY = YES_AGGRESSIVE;
				CLANG_WARN_UNREACHABLE_CODE = YES;
				CLANG_WARN__DUPLICATE_METHOD_MATCH = YES;
				CODE_SIGN_IDENTITY = "iPhone Developer";
				COPY_PHASE_STRIP = NO;
				DEBUG_INFORMATION_FORMAT = "dwarf-with-dsym";
				ENABLE_NS_ASSERTIONS = NO;
				ENABLE_STRICT_OBJC_MSGSEND = YES;
				GCC_C_LANGUAGE_STANDARD = gnu11;
				GCC_NO_COMMON_BLOCKS = YES;
				GCC_WARN_64_TO_32_BIT_CONVERSION = YES;
				GCC_WARN_ABOUT_RETURN_TYPE = YES_ERROR;
				GCC_WARN_UNDECLARED_SELECTOR = YES;
				GCC_WARN_UNINITIALIZED_AUTOS = YES_AGGRESSIVE;
				GCC_WARN_UNUSED_FUNCTION = YES;
				GCC_WARN_UNUSED_VARIABLE = YES;
				IPHONEOS_DEPLOYMENT_TARGET = 11.3;
				MTL_ENABLE_DEBUG_INFO = NO;
				SDKROOT = iphoneos;
				SWIFT_COMPILATION_MODE = wholemodule;
				SWIFT_OPTIMIZATION_LEVEL = "-O";
				VALIDATE_PRODUCT = YES;
			};
			name = Release;
		};
		A4B8361721070AE400206275 /* Debug */ = {
			isa = XCBuildConfiguration;
			buildSettings = {
				ASSETCATALOG_COMPILER_APPICON_NAME = AppIcon;
				CODE_SIGN_STYLE = Automatic;
				INFOPLIST_FILE = App/Info.plist;
				LD_RUNPATH_SEARCH_PATHS = (
					"$(inherited)",
					"@executable_path/Frameworks",
				);
				PRODUCT_BUNDLE_IDENTIFIER = com.javedmultani.App;
				PRODUCT_NAME = "$(TARGET_NAME)";
				SWIFT_VERSION = 4.0;
				TARGETED_DEVICE_FAMILY = "1,2";
			};
			name = Debug;
		};
		A4B8361821070AE400206275 /* Release */ = {
			isa = XCBuildConfiguration;
			buildSettings = {
				ASSETCATALOG_COMPILER_APPICON_NAME = AppIcon;
				CODE_SIGN_STYLE = Automatic;
				INFOPLIST_FILE = App/Info.plist;
				LD_RUNPATH_SEARCH_PATHS = (
					"$(inherited)",
					"@executable_path/Frameworks",
				);
				PRODUCT_BUNDLE_IDENTIFIER = com.javedmultani.App;
				PRODUCT_NAME = "$(TARGET_NAME)";
				SWIFT_VERSION = 4.0;
				TARGETED_DEVICE_FAMILY = "1,2";
			};
			name = Release;
		};
		A4B8361A21070AE400206275 /* Debug */ = {
			isa = XCBuildConfiguration;
			buildSettings = {
				ALWAYS_EMBED_SWIFT_STANDARD_LIBRARIES = YES;
				BUNDLE_LOADER = "$(TEST_HOST)";
				CODE_SIGN_STYLE = Automatic;
				INFOPLIST_FILE = AppTests/Info.plist;
				LD_RUNPATH_SEARCH_PATHS = (
					"$(inherited)",
					"@executable_path/Frameworks",
					"@loader_path/Frameworks",
				);
				PRODUCT_BUNDLE_IDENTIFIER = com.javedmultani.AppTests;
				PRODUCT_NAME = "$(TARGET_NAME)";
				SWIFT_VERSION = 4.0;
				TARGETED_DEVICE_FAMILY = "1,2";
				TEST_HOST = "$(BUILT_PRODUCTS_DIR)/App.app/App";
			};
			name = Debug;
		};
		A4B8361B21070AE400206275 /* Release */ = {
			isa = XCBuildConfiguration;
			buildSettings = {
				ALWAYS_EMBED_SWIFT_STANDARD_LIBRARIES = YES;
				BUNDLE_LOADER = "$(TEST_HOST)";
				CODE_SIGN_STYLE = Automatic;
				INFOPLIST_FILE = AppTests/Info.plist;
				LD_RUNPATH_SEARCH_PATHS = (
					"$(inherited)",
					"@executable_path/Frameworks",
					"@loader_path/Frameworks",
				);
				PRODUCT_BUNDLE_IDENTIFIER = com.javedmultani.AppTests;
				PRODUCT_NAME = "$(TARGET_NAME)";
				SWIFT_VERSION = 4.0;
				TARGETED_DEVICE_FAMILY = "1,2";
				TEST_HOST = "$(BUILT_PRODUCTS_DIR)/App.app/App";
			};
			name = Release;
		};
		A4B8361D21070AE400206275 /* Debug */ = {
			isa = XCBuildConfiguration;
			buildSettings = {
				ALWAYS_EMBED_SWIFT_STANDARD_LIBRARIES = YES;
				CODE_SIGN_STYLE = Automatic;
				INFOPLIST_FILE = AppUITests/Info.plist;
				LD_RUNPATH_SEARCH_PATHS = (
					"$(inherited)",
					"@executable_path/Frameworks",
					"@loader_path/Frameworks",
				);
				PRODUCT_BUNDLE_IDENTIFIER = com.javedmultani.AppUITests;
				PRODUCT_NAME = "$(TARGET_NAME)";
				SWIFT_VERSION = 4.0;
				TARGETED_DEVICE_FAMILY = "1,2";
				TEST_TARGET_NAME = App;
			};
			name = Debug;
		};
		A4B8361E21070AE400206275 /* Release */ = {
			isa = XCBuildConfiguration;
			buildSettings = {
				ALWAYS_EMBED_SWIFT_STANDARD_LIBRARIES = YES;
				CODE_SIGN_STYLE = Automatic;
				INFOPLIST_FILE = AppUITests/Info.plist;
				LD_RUNPATH_SEARCH_PATHS = (
					"$(inherited)",
					"@executable_path/Frameworks",
					"@loader_path/Frameworks",
				);
				PRODUCT_BUNDLE_IDENTIFIER = com.javedmultani.AppUITests;
				PRODUCT_NAME = "$(TARGET_NAME)";
				SWIFT_VERSION = 4.0;
				TARGETED_DEVICE_FAMILY = "1,2";
				TEST_TARGET_NAME = App;
			};
			name = Release;
		};
/* End XCBuildConfiguration section */

/* Begin XCConfigurationList section */
		A4B835E621070AD900206275 /* Build configuration list for PBXProject "App" */ = {
			isa = XCConfigurationList;
			buildConfigurations = (
				A4B8361421070AE400206275 /* Debug */,
				A4B8361521070AE400206275 /* Release */,
			);
			defaultConfigurationIsVisible = 0;
			defaultConfigurationName = Release;
		};
		A4B8361621070AE400206275 /* Build configuration list for PBXNativeTarget "App" */ = {
			isa = XCConfigurationList;
			buildConfigurations = (
				A4B8361721070AE400206275 /* Debug */,
				A4B8361821070AE400206275 /* Release */,
			);
			defaultConfigurationIsVisible = 0;
			defaultConfigurationName = Release;
		};
		A4B8361921070AE400206275 /* Build configuration list for PBXNativeTarget "AppTests" */ = {
			isa = XCConfigurationList;
			buildConfigurations = (
				A4B8361A21070AE400206275 /* Debug */,
				A4B8361B21070AE400206275 /* Release */,
			);
			defaultConfigurationIsVisible = 0;
			defaultConfigurationName = Release;
		};
		A4B8361C21070AE400206275 /* Build configuration list for PBXNativeTarget "AppUITests" */ = {
			isa = XCConfigurationList;
			buildConfigurations = (
				A4B8361D21070AE400206275 /* Debug */,
				A4B8361E21070AE400206275 /* Release */,
			);
			defaultConfigurationIsVisible = 0;
			defaultConfigurationName = Release;
		};
/* End XCConfigurationList section */

/* Begin XCVersionGroup section */
		A4B835F521070AD900206275 /* App.xcdatamodeld */ = {
			isa = XCVersionGroup;
			children = (
				A4B835F621070AD900206275 /* App.xcdatamodel */,
			);
			currentVersion = A4B835F621070AD900206275 /* App.xcdatamodel */;
			path = App.xcdatamodeld;
			sourceTree = "<group>";
			versionGroupType = wrapper.xcdatamodel;
		};
/* End XCVersionGroup section */
	};
	rootObject = A4B835E321070AD900206275 /* Project object */;
}
